
Microsoft Visual Studio Solution File, Format Version 12.00
# Visual Studio 15
VisualStudioVersion = 15.0.27703.2035
MinimumVisualStudioVersion = 10.0.40219.1
Project("{8BC9CEB8-8B4A-11D0-8D11-00A0C91BC942}") = "2269_eolymp", "2269_eolymp\2269_eolymp.vcxproj", "{A70273FB-753A-461E-99AF-853C5DDB4072}"
EndProject
Global
	GlobalSection(SolutionConfigurationPlatforms) = preSolution
		Debug|x64 = Debug|x64
		Debug|x86 = Debug|x86
		Release|x64 = Release|x64
		Release|x86 = Release|x86
	EndGlobalSection
	GlobalSection(ProjectConfigurationPlatforms) = postSolution
		{A70273FB-753A-461E-99AF-853C5DDB4072}.Debug|x64.ActiveCfg = Debug|x64
		{A70273FB-753A-461E-99AF-853C5DDB4072}.Debug|x64.Build.0 = Debug|x64
		{A70273FB-753A-461E-99AF-853C5DDB4072}.Debug|x86.ActiveCfg = Debug|Win32
		{A70273FB-753A-461E-99AF-853C5DDB4072}.Debug|x86.Build.0 = Debug|Win32
		{A70273FB-753A-461E-99AF-853C5DDB4072}.Release|x64.ActiveCfg = Release|x64
		{A70273FB-753A-461E-99AF-853C5DDB4072}.Release|x64.Build.0 = Release|x64
		{A70273FB-753A-461E-99AF-853C5DDB4072}.Release|x86.ActiveCfg = Release|Win32
		{A70273FB-753A-461E-99AF-853C5DDB4072}.Release|x86.Build.0 = Release|Win32
	EndGlobalSection
	GlobalSection(SolutionProperties) = preSolution
		HideSolutionNode = FALSE
	EndGlobalSection
	GlobalSection(ExtensibilityGlobals) = postSolution
		SolutionGuid = {CC296C8B-77F4-42C8-BC3A-E2D8C926FDF2}
	EndGlobalSection
EndGlobal
